PODS:
  - AFNetworking (2.6.3):
    - AFNetworking/NSURLConnection (= 2.6.3)
    - AFNetworking/NSURLSession (= 2.6.3)
    - AFNetworking/Reachability (= 2.6.3)
    - AFNetworking/Security (= 2.6.3)
    - AFNetworking/Serialization (= 2.6.3)
    - AFNetworking/UIKit (= 2.6.3)
  - AFNetworking/NSURLConnection (2.6.3):
    - AFNetworking/Reachability
    - AFNetworking/Security
    - AFNetworking/Serialization
  - AFNetworking/NSURLSession (2.6.3):
    - AFNetworking/Reachability
    - AFNetworking/Security
    - AFNetworking/Serialization
  - AFNetworking/Reachability (2.6.3)
  - AFNetworking/Security (2.6.3)
  - AFNetworking/Serialization (2.6.3)
  - AFNetworking/UIKit (2.6.3):
    - AFNetworking/NSURLConnection
    - AFNetworking/NSURLSession
  - Aspects (1.4.1)
  - CYLTabBarController (1.6.0)
  - JSONModel (1.0.2)
  - JSPatch (1.1):
    - JSPatch/Core (= 1.1)
  - JSPatch/Core (1.1)
  - Masonry (0.6.4)
  - MBProgressHUD (0.9.2)
  - ReactiveCocoa (2.5):
    - ReactiveCocoa/UI (= 2.5)
  - ReactiveCocoa/Core (2.5):
    - ReactiveCocoa/no-arc
  - ReactiveCocoa/no-arc (2.5)
  - ReactiveCocoa/UI (2.5):
    - ReactiveCocoa/Core
  - SDWebImage (3.7.6):
    - SDWebImage/Core (= 3.7.6)
  - SDWebImage/Core (3.7.6)
  - XAspect (1.0.5):
    - XAspect/Core (= 1.0.5)
    - XAspect/Macros (= 1.0.5)
  - XAspect/Core (1.0.5):
    - XAspect/Macros
  - XAspect/Macros (1.0.5)

DEPENDENCIES:
  - AFNetworking (~> 2.6.0)
  - Aspects
  - CYLTabBarController
  - JSONModel (~> 1.0.1)
  - JSPatch
  - Masonry (~> 0.6.1)
  - MBProgressHUD (~> 0.9)
  - ReactiveCocoa (~> 2.5)
  - SDWebImage (~> 3.7.5)
  - XAspect

SPEC CHECKSUMS:
  AFNetworking: cb8d14a848e831097108418f5d49217339d4eb60
  Aspects: 7595ba96a6727a58ebcbfc954497fc5d2fdde546
  CYLTabBarController: efbdd574772be17f17965acd7ee993f5972ff02f
  JSONModel: 6ffcb4ffa3659c9e9a2e5d45d6c7705bab187c03
  JSPatch: ade285ad1d8f06146ed6054a39cef87509453299
  Masonry: 281802d04d787ea2973179ee8bcb50500579ede2
  MBProgressHUD: 1569cf7ace17a8bac47aabfbb8580a49690386d1
  ReactiveCocoa: e2db045570aa97c695e7aa97c2bcab222ae51f4a
  SDWebImage: c325cf02c30337336b95beff20a13df489ec0ec9
  XAspect: db50bf487f92dbb8557a7a5365556966c8493af8

COCOAPODS: 0.39.0
