PODS:
  - AFNetworking (3.1.0):
    - AFNetworking/NSURLSession (= 3.1.0)
    - AFNetworking/Reachability (= 3.1.0)
    - AFNetworking/Security (= 3.1.0)
    - AFNetworking/Serialization (= 3.1.0)
    - AFNetworking/UIKit (= 3.1.0)
  - AFNetworking/NSURLSession (3.1.0):
    - AFNetworking/Reachability
    - AFNetworking/Security
    - AFNetworking/Serialization
  - AFNetworking/Reachability (3.1.0)
  - AFNetworking/Security (3.1.0)
  - AFNetworking/Serialization (3.1.0)
  - AFNetworking/UIKit (3.1.0):
    - AFNetworking/NSURLSession
  - Aspects (1.4.1)
  - CocoaLumberjack (2.0.3):
    - CocoaLumberjack/Default (= 2.0.3)
    - CocoaLumberjack/Extensions (= 2.0.3)
  - CocoaLumberjack/Core (2.0.3)
  - CocoaLumberjack/Default (2.0.3):
    - CocoaLumberjack/Core
  - CocoaLumberjack/Extensions (2.0.3):
    - CocoaLumberjack/Default
  - CYLTabBarController (1.14.1)
  - FLEX (2.1.1)
  - GTSDK (2.0.0.0)
  - JSONModel (1.0.2)
  - JSPatch (1.1.3):
    - JSPatch/Core (= 1.1.3)
  - JSPatch/Core (1.1.3)
  - Masonry (0.6.4)
  - ReactiveCocoa (2.5):
    - ReactiveCocoa/UI (= 2.5)
  - ReactiveCocoa/Core (2.5):
    - ReactiveCocoa/no-arc
  - ReactiveCocoa/no-arc (2.5)
  - ReactiveCocoa/UI (2.5):
    - ReactiveCocoa/Core
  - RealReachability (1.1.9):
    - RealReachability/Connection (= 1.1.9)
    - RealReachability/Ping (= 1.1.9)
  - RealReachability/Connection (1.1.9)
  - RealReachability/Ping (1.1.9)
  - SDWebImage (3.7.6):
    - SDWebImage/Core (= 3.7.6)
  - SDWebImage/Core (3.7.6)
  - UMengAnalytics-NO-IDFA (4.2.5)
  - UMengUShare/Core (6.4.6):
    - UMengUShare/Network
  - UMengUShare/Network (6.4.6)
  - UMengUShare/Social/QQ (6.4.6):
    - UMengUShare/Core
    - UMengUShare/Social/ReducedQQ
  - UMengUShare/Social/ReducedQQ (6.4.6):
    - UMengUShare/Core
  - UMengUShare/Social/ReducedSina (6.4.6):
    - UMengUShare/Core
  - UMengUShare/Social/ReducedWeChat (6.4.6):
    - UMengUShare/Core
  - UMengUShare/Social/Sina (6.4.6):
    - UMengUShare/Core
    - UMengUShare/Social/ReducedSina
  - UMengUShare/Social/TencentWeibo (6.4.6):
    - UMengUShare/Core
  - UMengUShare/Social/WeChat (6.4.6):
    - UMengUShare/Core
    - UMengUShare/Social/ReducedWeChat
  - UMengUShare/UI (6.4.6):
    - UMengUShare/Core
  - XAspect (1.0.5):
    - XAspect/Core (= 1.0.5)
    - XAspect/Macros (= 1.0.5)
  - XAspect/Core (1.0.5):
    - XAspect/Macros
  - XAspect/Macros (1.0.5)
  - YYCache (1.0.4)

DEPENDENCIES:
  - AFNetworking (~> 3.0)
  - Aspects
  - CocoaLumberjack (~> 2.0.0-rc)
  - CYLTabBarController
  - FLEX (~> 2.0)
  - GTSDK
  - JSONModel (~> 1.0.1)
  - JSPatch
  - Masonry (~> 0.6.1)
  - ReactiveCocoa (~> 2.5)
  - RealReachability
  - SDWebImage (~> 3.7.5)
  - UMengAnalytics-NO-IDFA
  - UMengUShare/Social/QQ
  - UMengUShare/Social/Sina
  - UMengUShare/Social/TencentWeibo
  - UMengUShare/Social/WeChat
  - UMengUShare/UI
  - XAspect
  - YYCache

SPEC CHECKSUMS:
  AFNetworking: 5e0e199f73d8626b11e79750991f5d173d1f8b67
  Aspects: 7595ba96a6727a58ebcbfc954497fc5d2fdde546
  CocoaLumberjack: f58d8a19629f4d8379ae14bb3534def24161430e
  CYLTabBarController: ec44b6e44166d9869fa649ce22bc728d107ecafc
  FLEX: 27b768fcae23a313a1eb115076d429180ca9b472
  GTSDK: 10882452fbd63e738334ea9463a7d59cbb172622
  JSONModel: 6ffcb4ffa3659c9e9a2e5d45d6c7705bab187c03
  JSPatch: 02cfed591cb907bbfe80a346666e5a35fc2d349d
  Masonry: 281802d04d787ea2973179ee8bcb50500579ede2
  ReactiveCocoa: e2db045570aa97c695e7aa97c2bcab222ae51f4a
  RealReachability: a8c483900986a0f3305733961effbfbb00637a02
  SDWebImage: c325cf02c30337336b95beff20a13df489ec0ec9
  UMengAnalytics-NO-IDFA: 16666e32edce5be44ae5b14aaaa7f3582e09d6ab
  UMengUShare: fdbbf86353976727af26a66e9a84314ecb59c816
  XAspect: db50bf487f92dbb8557a7a5365556966c8493af8
  YYCache: 8105b6638f5e849296c71f331ff83891a4942952

PODFILE CHECKSUM: 5090e76a96c3749b7f99a5c82f93f8ea9f2693d5

COCOAPODS: 1.2.0.beta.1
